# This file is automatically @generated by Cargo.
# It is not intended for manual editing.
version = 3

[[package]]
name = "gthread"
version = "0.1.0"
source = "git+https://github.com/leninRessurect/gthread?branch=master#2f94719802b76f61477821938bb22b0f990db854"

[[package]]
name = "server"
version = "0.1.0"
dependencies = [
 "gthread",
]
